
Microsoft Visual Studio Solution File, Format Version 12.00
# Visual Studio Version 17
VisualStudioVersion = 17.10.35027.167
MinimumVisualStudioVersion = 10.0.40219.1
Project("{FAE04EC0-301F-11D3-BF4B-00C04F79EFBC}") = "Constructor", "Constructor\Constructor.csproj", "{A3D75639-6A14-46CE-BA93-B9220A5D5AE0}"
EndProject
Global
	GlobalSection(SolutionConfigurationPlatforms) = preSolution
		Debug|Any CPU = Debug|Any CPU
		Release|Any CPU = Release|Any CPU
	EndGlobalSection
	GlobalSection(ProjectConfigurationPlatforms) = postSolution
		{A3D75639-6A14-46CE-BA93-B9220A5D5AE0}.Debug|Any CPU.ActiveCfg = Debug|Any CPU
		{A3D75639-6A14-46CE-BA93-B9220A5D5AE0}.Debug|Any CPU.Build.0 = Debug|Any CPU
		{A3D75639-6A14-46CE-BA93-B9220A5D5AE0}.Release|Any CPU.ActiveCfg = Release|Any CPU
		{A3D75639-6A14-46CE-BA93-B9220A5D5AE0}.Release|Any CPU.Build.0 = Release|Any CPU
	EndGlobalSection
	GlobalSection(SolutionProperties) = preSolution
		HideSolutionNode = FALSE
	EndGlobalSection
	GlobalSection(ExtensibilityGlobals) = postSolution
		SolutionGuid = {F24CC0D9-7494-4087-A3A2-8691136A7A5B}
	EndGlobalSection
EndGlobal
